
Microsoft Visual Studio Solution File, Format Version 12.00
# Visual Studio Version 16
VisualStudioVersion = 16.0.30804.86
MinimumVisualStudioVersion = 10.0.40219.1
Project("{FAE04EC0-301F-11D3-BF4B-00C04F79EFBC}") = "Cube flip", "Cube flip\Cube flip.csproj", "{3D16CB73-4BD4-4440-B2B6-8D4722406563}"
EndProject
Global
	GlobalSection(SolutionConfigurationPlatforms) = preSolution
		Debug|Any CPU = Debug|Any CPU
		Release|Any CPU = Release|Any CPU
	EndGlobalSection
	GlobalSection(ProjectConfigurationPlatforms) = postSolution
		{3D16CB73-4BD4-4440-B2B6-8D4722406563}.Debug|Any CPU.ActiveCfg = Debug|Any CPU
		{3D16CB73-4BD4-4440-B2B6-8D4722406563}.Debug|Any CPU.Build.0 = Debug|Any CPU
		{3D16CB73-4BD4-4440-B2B6-8D4722406563}.Release|Any CPU.ActiveCfg = Release|Any CPU
		{3D16CB73-4BD4-4440-B2B6-8D4722406563}.Release|Any CPU.Build.0 = Release|Any CPU
	EndGlobalSection
	GlobalSection(SolutionProperties) = preSolution
		HideSolutionNode = FALSE
	EndGlobalSection
	GlobalSection(ExtensibilityGlobals) = postSolution
		SolutionGuid = {39BFEF9D-F084-48EE-AA24-1A3DBA2CA622}
	EndGlobalSection
EndGlobal
